
Microsoft Visual Studio Solution File, Format Version 12.00
# Visual Studio Version 17
VisualStudioVersion = 17.5.33516.290
MinimumVisualStudioVersion = 10.0.40219.1
Project("{FAE04EC0-301F-11D3-BF4B-00C04F79EFBC}") = "WorkoutParser", "WorkoutParser.csproj", "{26FF4B2D-C1FD-45D4-A5FE-C559F306E895}"
EndProject
Global
	GlobalSection(SolutionConfigurationPlatforms) = preSolution
		Debug|Any CPU = Debug|Any CPU
		Release|Any CPU = Release|Any CPU
	EndGlobalSection
	GlobalSection(ProjectConfigurationPlatforms) = postSolution
		{26FF4B2D-C1FD-45D4-A5FE-C559F306E895}.Debug|Any CPU.ActiveCfg = Debug|Any CPU
		{26FF4B2D-C1FD-45D4-A5FE-C559F306E895}.Debug|Any CPU.Build.0 = Debug|Any CPU
		{26FF4B2D-C1FD-45D4-A5FE-C559F306E895}.Release|Any CPU.ActiveCfg = Release|Any CPU
		{26FF4B2D-C1FD-45D4-A5FE-C559F306E895}.Release|Any CPU.Build.0 = Release|Any CPU
	EndGlobalSection
	GlobalSection(SolutionProperties) = preSolution
		HideSolutionNode = FALSE
	EndGlobalSection
	GlobalSection(ExtensibilityGlobals) = postSolution
		SolutionGuid = {3837C128-459D-4ADE-807A-3A45436031D2}
	EndGlobalSection
EndGlobal
